
Microsoft Visual Studio Solution File, Format Version 12.00
# Visual Studio Version 17
VisualStudioVersion = 17.0.31912.275
MinimumVisualStudioVersion = 10.0.40219.1
Project("{FAE04EC0-301F-11D3-BF4B-00C04F79EFBC}") = "Problem1", "Problem1\Problem1.csproj", "{3DB6FFF5-91C2-443F-9087-35B4CACC04BC}"
EndProject
Project("{FAE04EC0-301F-11D3-BF4B-00C04F79EFBC}") = "Problem2", "Problem2\Problem2.csproj", "{D4190D77-138F-4A17-93DB-F2AEAB752A17}"
EndProject
Global
	GlobalSection(SolutionConfigurationPlatforms) = preSolution
		Debug|Any CPU = Debug|Any CPU
		Release|Any CPU = Release|Any CPU
	EndGlobalSection
	GlobalSection(ProjectConfigurationPlatforms) = postSolution
		{3DB6FFF5-91C2-443F-9087-35B4CACC04BC}.Debug|Any CPU.ActiveCfg = Debug|Any CPU
		{3DB6FFF5-91C2-443F-9087-35B4CACC04BC}.Debug|Any CPU.Build.0 = Debug|Any CPU
		{3DB6FFF5-91C2-443F-9087-35B4CACC04BC}.Release|Any CPU.ActiveCfg = Release|Any CPU
		{3DB6FFF5-91C2-443F-9087-35B4CACC04BC}.Release|Any CPU.Build.0 = Release|Any CPU
		{D4190D77-138F-4A17-93DB-F2AEAB752A17}.Debug|Any CPU.ActiveCfg = Debug|Any CPU
		{D4190D77-138F-4A17-93DB-F2AEAB752A17}.Debug|Any CPU.Build.0 = Debug|Any CPU
		{D4190D77-138F-4A17-93DB-F2AEAB752A17}.Release|Any CPU.ActiveCfg = Release|Any CPU
		{D4190D77-138F-4A17-93DB-F2AEAB752A17}.Release|Any CPU.Build.0 = Release|Any CPU
	EndGlobalSection
	GlobalSection(SolutionProperties) = preSolution
		HideSolutionNode = FALSE
	EndGlobalSection
	GlobalSection(ExtensibilityGlobals) = postSolution
		SolutionGuid = {BF65240D-E26B-4BA8-90F1-10A5D4F13EA7}
	EndGlobalSection
EndGlobal
